
Microsoft Visual Studio Solution File, Format Version 12.00
# Visual Studio 15
VisualStudioVersion = 15.0.28307.705
MinimumVisualStudioVersion = 10.0.40219.1
Project("{8BC9CEB8-8B4A-11D0-8D11-00A0C91BC942}") = "Sandbox", "Sandbox\Sandbox.vcxproj", "{C0A643A1-2849-4DFD-BD72-2A5814405536}"
EndProject
Project("{8BC9CEB8-8B4A-11D0-8D11-00A0C91BC942}") = "Roob", "Roob\Roob.vcxproj", "{2DAA53BE-AE7B-4A2A-A523-DFFB0947266E}"
EndProject
Global
	GlobalSection(SolutionConfigurationPlatforms) = preSolution
		Debug|x64 = Debug|x64
		Release|x64 = Release|x64
	EndGlobalSection
	GlobalSection(ProjectConfigurationPlatforms) = postSolution
		{2DAA53BE-AE7B-4A2A-A523-DFFB0947266E}.Debug|x64.ActiveCfg = Debug|x64
		{2DAA53BE-AE7B-4A2A-A523-DFFB0947266E}.Debug|x64.Build.0 = Debug|x64
		{2DAA53BE-AE7B-4A2A-A523-DFFB0947266E}.Release|x64.ActiveCfg = Release|x64
		{2DAA53BE-AE7B-4A2A-A523-DFFB0947266E}.Release|x64.Build.0 = Release|x64
		{C0A643A1-2849-4DFD-BD72-2A5814405536}.Debug|x64.ActiveCfg = Debug|x64
		{C0A643A1-2849-4DFD-BD72-2A5814405536}.Debug|x64.Build.0 = Debug|x64
		{C0A643A1-2849-4DFD-BD72-2A5814405536}.Release|x64.ActiveCfg = Release|x64
		{C0A643A1-2849-4DFD-BD72-2A5814405536}.Release|x64.Build.0 = Release|x64
	EndGlobalSection
	GlobalSection(SolutionProperties) = preSolution
		HideSolutionNode = FALSE
	EndGlobalSection
	GlobalSection(ExtensibilityGlobals) = postSolution
		SolutionGuid = {BBEAD5CD-AAC7-4833-8806-111717D559DA}
	EndGlobalSection
EndGlobal
